// !$*UTF8*$!
{
	archiveVersion = 1;
	classes = {
	};
	objectVersion = 77;
	objects = {

/* Begin PBXBuildFile section */
		0284913209351020645AC36B /* UsageHistorySummary.swift in Sources */ = {isa = PBXBuildFile; fileRef = BC1C5231334D9830578B6FE6 /* UsageHistorySummary.swift */; };
		04A312C646EB9A45A770EA54 /* UsageModels.swift in Sources */ = {isa = PBXBuildFile; fileRef = 89938FAD97CBC0D7DDD3953E /* UsageModels.swift */; };
		05CBE13549E48DEB3646DB66 /* MeasurementStatusView.swift in Sources */ = {isa = PBXBuildFile; fileRef = 8EE2861F9CC8B9D723E31C54 /* MeasurementStatusView.swift */; };
		0A08F6BF77A0A7E881B8BCB0 /* CarrierUsageSyncUITests.swift in Sources */ = {isa = PBXBuildFile; fileRef = A56AA06307A35452369236EA /* CarrierUsageSyncUITests.swift */; };
		0ABAA4FC80D3693FF3934142 /* UsageModels.swift in Sources */ = {isa = PBXBuildFile; fileRef = 89938FAD97CBC0D7DDD3953E /* UsageModels.swift */; };
		1049BE5DAD2C8FE18AE905AE /* WidgetSummaryStore.swift in Sources */ = {isa = PBXBuildFile; fileRef = 99CB30BB7EE1163C4D576F72 /* WidgetSummaryStore.swift */; };
		1550DF2DEB2F71AA50A157D5 /* InterfaceClassifier.swift in Sources */ = {isa = PBXBuildFile; fileRef = 534DD00200BCCFFA9D11D372 /* InterfaceClassifier.swift */; };
		1D4F33146F77F60BB1F2E921 /* PrivacyInfo.xcprivacy in Resources */ = {isa = PBXBuildFile; fileRef = F165DAB8E596565CFA684972 /* PrivacyInfo.xcprivacy */; };
		1E4A633E9532C39B761CFECD /* SplashView.swift in Sources */ = {isa = PBXBuildFile; fileRef = 3940887FC803D2369BFE0338 /* SplashView.swift */; };
		1EA0C133E9D5D692ABA14417 /* DataViewWidgetBundle.swift in Sources */ = {isa = PBXBuildFile; fileRef = 37EE04EF1643927ABF7C6891 /* DataViewWidgetBundle.swift */; };
		1EF01F667ED3108252B5B407 /* PrivacyInfo.xcprivacy in Resources */ = {isa = PBXBuildFile; fileRef = AD1CA3C1731CD92AD49F4B81 /* PrivacyInfo.xcprivacy */; };
		253D830E3DA6626AED97866B /* CounterDeltaCalculatorTests.swift in Sources */ = {isa = PBXBuildFile; fileRef = 0CE2048A21C9920672271E21 /* CounterDeltaCalculatorTests.swift */; };
		263BEE25D5BCE303A1BA41E5 /* UsageRefreshService.swift in Sources */ = {isa = PBXBuildFile; fileRef = 7EF9E87F92E595BD01C5AE4C /* UsageRefreshService.swift */; };
		2B095FE3BAAA77794C74B9B8 /* WidgetSummaryStore.swift in Sources */ = {isa = PBXBuildFile; fileRef = 99CB30BB7EE1163C4D576F72 /* WidgetSummaryStore.swift */; };
		314FFB2F702EE24169363F56 /* UsageRefreshServiceTests.swift in Sources */ = {isa = PBXBuildFile; fileRef = 1580D647620253F34DB0905C /* UsageRefreshServiceTests.swift */; };
		31876F70D12DBBC81389970A /* SettingsRepository.swift in Sources */ = {isa = PBXBuildFile; fileRef = A80EF110254AABCEFEA470CD /* SettingsRepository.swift */; };
		33A8A57976DDDB953785E027 /* Components.swift in Sources */ = {isa = PBXBuildFile; fileRef = B8C52BFC39D466730364D9BE /* Components.swift */; };
		37944A3F587326E6A6B61A6A /* WidgetAppearancePreferencesStoreTests.swift in Sources */ = {isa = PBXBuildFile; fileRef = 36363E9A605BC276B974F4F4 /* WidgetAppearancePreferencesStoreTests.swift */; };
		40362748C48CD7F2376D85B9 /* HotspotUsageCalculator.swift in Sources */ = {isa = PBXBuildFile; fileRef = 0CEFDC6A3EABDB09BEE88B2C /* HotspotUsageCalculator.swift */; };
		423A10F29976806058AE6E57 /* DataViewWidgets.appex in Embed Foundation Extensions */ = {isa = PBXBuildFile; fileRef = 2C93B2C69C233D68BD0FED04 /* DataViewWidgets.appex */; settings = {ATTRIBUTES = (RemoveHeadersOnCopy, ); }; };
		4507D61F377711C87C799751 /* DataAmountFormatterTests.swift in Sources */ = {isa = PBXBuildFile; fileRef = 540DD51DA3E095D4BDECCF30 /* DataAmountFormatterTests.swift */; };
		4641463E293026AE80E0EE58 /* UsageSummaryBuilder.swift in Sources */ = {isa = PBXBuildFile; fileRef = 3C189FD574C93ABAFB7876C1 /* UsageSummaryBuilder.swift */; };
		465D4380C806F42702A8B747 /* DesignTokens.swift in Sources */ = {isa = PBXBuildFile; fileRef = 37EE4D9BA81F1EE768CB33C4 /* DesignTokens.swift */; };
		477F14654286EF675AA8D0D8 /* RemainingAmountLayoutTests.swift in Sources */ = {isa = PBXBuildFile; fileRef = CE5B157E538DF8ADCB74F95E /* RemainingAmountLayoutTests.swift */; };
		48EFFB47AC07DA643E1B31C9 /* WidgetAppearancePreferencesStore.swift in Sources */ = {isa = PBXBuildFile; fileRef = 7C65F2FFFFA3EF2F912D9E79 /* WidgetAppearancePreferencesStore.swift */; };
		4A57FAAE49435DA7A7650635 /* RefreshUsageIntent.swift in Sources */ = {isa = PBXBuildFile; fileRef = 3DA48FB0519A20D49C2ED1B3 /* RefreshUsageIntent.swift */; };
		4C1A0CD0F8A010F74F34C74B /* RootView.swift in Sources */ = {isa = PBXBuildFile; fileRef = DD16FFEA731A31A34F11B768 /* RootView.swift */; };
		4CE50F5FB4D8C9374195DF40 /* WidgetSummaryRepository.swift in Sources */ = {isa = PBXBuildFile; fileRef = 56A9AE63143803C824EB6A6A /* WidgetSummaryRepository.swift */; };
		540723E6FBB49F6E0E8DAEB9 /* DataViewWidgetUITests.swift in Sources */ = {isa = PBXBuildFile; fileRef = E63579B98F507F1C5A8D0B88 /* DataViewWidgetUITests.swift */; };
		551C653389CB379225E519EB /* ResetInputsUITests.swift in Sources */ = {isa = PBXBuildFile; fileRef = F4BF540992FC4A88B33433F1 /* ResetInputsUITests.swift */; };
		5563A4CE30A75025B43012D9 /* InterfaceClassifierTests.swift in Sources */ = {isa = PBXBuildFile; fileRef = CFC2ADB22773446A75D5C104 /* InterfaceClassifierTests.swift */; };
		56EA90081C8CE4B12359BDFF /* HotspotMeasurementTests.swift in Sources */ = {isa = PBXBuildFile; fileRef = 139768B786FFF194FA37774D /* HotspotMeasurementTests.swift */; };
		5C21ED8F4C6EAFEB75B048A6 /* Assets.xcassets in Resources */ = {isa = PBXBuildFile; fileRef = 5077E1062814A27CD7A89EC1 /* Assets.xcassets */; };
		6C2FFF1B4CF95B30C1E83BA6 /* CounterDeltaCalculator.swift in Sources */ = {isa = PBXBuildFile; fileRef = 9D9C85BFFCF0FC7D985559AC /* CounterDeltaCalculator.swift */; };
		7068546D0A5545CC9B1D5C44 /* DataViewUsageWidget.swift in Sources */ = {isa = PBXBuildFile; fileRef = F0B5089269324547F94D6498 /* DataViewUsageWidget.swift */; };
		7A82B75DC4657AC76437064A /* HotspotUsageViews.swift in Sources */ = {isa = PBXBuildFile; fileRef = FFE23D86CF04A0BE5B82E0FD /* HotspotUsageViews.swift */; };
		7D26B910DBFFDDDF36B26AD2 /* DataViewApp.swift in Sources */ = {isa = PBXBuildFile; fileRef = 25C46039B8ACBDB4B9922A8C /* DataViewApp.swift */; };
		7F1C988E3794E11BC4F1F0D7 /* UsageHistorySummaryTests.swift in Sources */ = {isa = PBXBuildFile; fileRef = 524ECA412171CFED0760D7BD /* UsageHistorySummaryTests.swift */; };
		85FCA670CD4885C9FFFC20FC /* BillingPeriodServiceTests.swift in Sources */ = {isa = PBXBuildFile; fileRef = 29FABDE31F52D6B296EC3A43 /* BillingPeriodServiceTests.swift */; };
		8D70CD4245F2C7C89D2954C2 /* PlanSetupView.swift in Sources */ = {isa = PBXBuildFile; fileRef = 27A687DB66211F896AB92805 /* PlanSetupView.swift */; };
		954C218B4FA23F746EB3D97B /* UsageRepository.swift in Sources */ = {isa = PBXBuildFile; fileRef = 7ABDE35CC10B220A015C745A /* UsageRepository.swift */; };
		96CF134F614DDF226BED2197 /* BackgroundRefreshCoordinator.swift in Sources */ = {isa = PBXBuildFile; fileRef = 65A33AD3836006401F7C186B /* BackgroundRefreshCoordinator.swift */; };
		9A0DB6F50DD8B53202563474 /* UsageNotificationService.swift in Sources */ = {isa = PBXBuildFile; fileRef = 429B21C3637B406D862C9136 /* UsageNotificationService.swift */; };
		A8990C115A2C64121D2CAAF7 /* OnboardingView.swift in Sources */ = {isa = PBXBuildFile; fileRef = C5735903967C55C5F70EAAA7 /* OnboardingView.swift */; };
		AF441063686581586B64E8AA /* StatisticsView.swift in Sources */ = {isa = PBXBuildFile; fileRef = FB97EC67D3EDB3AA4AE178CE /* StatisticsView.swift */; };
		B7A5DDB2A12672ACF54A4897 /* AppModel.swift in Sources */ = {isa = PBXBuildFile; fileRef = 3E465C5B5D831D940D9C664C /* AppModel.swift */; };
		B85427FF9E1F7404FD5CA7D4 /* WidgetAppearancePreferences.swift in Sources */ = {isa = PBXBuildFile; fileRef = E2B8DE6C4578F0A9F3748A64 /* WidgetAppearancePreferences.swift */; };
		BB0B549492B0AB24D3DD021F /* UsageNotificationServiceTests.swift in Sources */ = {isa = PBXBuildFile; fileRef = 9C23AF2563543B587F6544E2 /* UsageNotificationServiceTests.swift */; };
		BF39C43CD57CB5EEB6435819 /* WidgetAppearancePreferencesStore.swift in Sources */ = {isa = PBXBuildFile; fileRef = 7C65F2FFFFA3EF2F912D9E79 /* WidgetAppearancePreferencesStore.swift */; };
		C5655BD3F96122EB15C41EC8 /* DataAmountFormatter.swift in Sources */ = {isa = PBXBuildFile; fileRef = 75B77506BC76AA4B755C7349 /* DataAmountFormatter.swift */; };
		C6456FB99B101F2AC6FD6224 /* SystemBootTimeReader.swift in Sources */ = {isa = PBXBuildFile; fileRef = 27180E6C9F0312831CFCA462 /* SystemBootTimeReader.swift */; };
		C7337DDABDA40D69CDAE20CE /* UsageMeasurementServiceTests.swift in Sources */ = {isa = PBXBuildFile; fileRef = 6C6BE553D584AE6C29477BD9 /* UsageMeasurementServiceTests.swift */; };
		CCE85DB3448F07920FE9CB81 /* SettingsView.swift in Sources */ = {isa = PBXBuildFile; fileRef = E587E55C03511EE381B71AB4 /* SettingsView.swift */; };
		E13B5429D0028BCDF32C9143 /* RefreshUsageIntent.swift in Sources */ = {isa = PBXBuildFile; fileRef = 3DA48FB0519A20D49C2ED1B3 /* RefreshUsageIntent.swift */; };
		E3FACBBA3BEBAA5734AD7C0D /* DataAmountFormatter.swift in Sources */ = {isa = PBXBuildFile; fileRef = 75B77506BC76AA4B755C7349 /* DataAmountFormatter.swift */; };
		ED30E5938BEAE78B2D6D1ACA /* WidgetAppearancePreferences.swift in Sources */ = {isa = PBXBuildFile; fileRef = E2B8DE6C4578F0A9F3748A64 /* WidgetAppearancePreferences.swift */; };
		ED68133180D9174D3F93C25A /* NetworkCounterReader.swift in Sources */ = {isa = PBXBuildFile; fileRef = BB2673A838733F26EB027E56 /* NetworkCounterReader.swift */; };
		F540D2355CE67C4F54D41695 /* WidgetSummaryPresentationTests.swift in Sources */ = {isa = PBXBuildFile; fileRef = 4D6C2BD9BED271DF3031DB92 /* WidgetSummaryPresentationTests.swift */; };
		F8CBAFE03EF6C7AB5CF53AA0 /* MainTabView.swift in Sources */ = {isa = PBXBuildFile; fileRef = A9F6B64C01F4B7B2E6AFC47A /* MainTabView.swift */; };
		F8D8C9F00F9A119D2DA105C5 /* HotspotCalibrationService.swift in Sources */ = {isa = PBXBuildFile; fileRef = FB1566DB5D2F721AFA9FD3E6 /* HotspotCalibrationService.swift */; };
		FB0AEADDFEFA535FC76FF7ED /* DesignTokens.swift in Sources */ = {isa = PBXBuildFile; fileRef = 37EE4D9BA81F1EE768CB33C4 /* DesignTokens.swift */; };
		FC2B827865321C0FCCA147B1 /* DashboardView.swift in Sources */ = {isa = PBXBuildFile; fileRef = B01F866D710640616530151C /* DashboardView.swift */; };
		FD1293A7093972A339D75792 /* UsageMeasurementService.swift in Sources */ = {isa = PBXBuildFile; fileRef = 7390836797AF9A4ED565F53B /* UsageMeasurementService.swift */; };
		FD6CE901AD6AE6FFEBE451D3 /* BillingPeriodService.swift in Sources */ = {isa = PBXBuildFile; fileRef = C25401A35029DF419DCA85FA /* BillingPeriodService.swift */; };
/* End PBXBuildFile section */

/* Begin PBXContainerItemProxy section */
		826551C6F35804BE65742BB5 /* PBXContainerItemProxy */ = {
			isa = PBXContainerItemProxy;
			containerPortal = 31197E3FDE79CA0343C3A08E /* Project object */;
			proxyType = 1;
			remoteGlobalIDString = A50DCEC4D9B831E74286BE6F;
			remoteInfo = DataView;
		};
		CD7FC334F6C87067E9AC1D8C /* PBXContainerItemProxy */ = {
			isa = PBXContainerItemProxy;
			containerPortal = 31197E3FDE79CA0343C3A08E /* Project object */;
			proxyType = 1;
			remoteGlobalIDString = 638784A5E08BFB14B3FF8302;
			remoteInfo = DataViewWidgets;
		};
		E1282A5FE9BD9E7D5FAC164C /* PBXContainerItemProxy */ = {
			isa = PBXContainerItemProxy;
			containerPortal = 31197E3FDE79CA0343C3A08E /* Project object */;
			proxyType = 1;
			remoteGlobalIDString = A50DCEC4D9B831E74286BE6F;
			remoteInfo = DataView;
		};
/* End PBXContainerItemProxy section */

/* Begin PBXCopyFilesBuildPhase section */
		D743F03BF82F8EC9DA421971 /* Embed Foundation Extensions */ = {
			isa = PBXCopyFilesBuildPhase;
			buildActionMask = 2147483647;
			dstPath = "";
			dstSubfolderSpec = 13;
			files = (
				423A10F29976806058AE6E57 /* DataViewWidgets.appex in Embed Foundation Extensions */,
			);
			name = "Embed Foundation Extensions";
			runOnlyForDeploymentPostprocessing = 0;
		};
/* End PBXCopyFilesBuildPhase section */

/* Begin PBXFileReference section */
		0CE2048A21C9920672271E21 /* CounterDeltaCalculatorTests.swift */ = {isa = PBXFileReference; lastKnownFileType = sourcecode.swift; path = CounterDeltaCalculatorTests.swift; sourceTree = "<group>"; };
		0CEFDC6A3EABDB09BEE88B2C /* HotspotUsageCalculator.swift */ = {isa = PBXFileReference; lastKnownFileType = sourcecode.swift; path = HotspotUsageCalculator.swift; sourceTree = "<group>"; };
		139768B786FFF194FA37774D /* HotspotMeasurementTests.swift */ = {isa = PBXFileReference; lastKnownFileType = sourcecode.swift; path = HotspotMeasurementTests.swift; sourceTree = "<group>"; };
		1580D647620253F34DB0905C /* UsageRefreshServiceTests.swift */ = {isa = PBXFileReference; lastKnownFileType = sourcecode.swift; path = UsageRefreshServiceTests.swift; sourceTree = "<group>"; };
		25C46039B8ACBDB4B9922A8C /* DataViewApp.swift */ = {isa = PBXFileReference; lastKnownFileType = sourcecode.swift; path = DataViewApp.swift; sourceTree = "<group>"; };
		27180E6C9F0312831CFCA462 /* SystemBootTimeReader.swift */ = {isa = PBXFileReference; lastKnownFileType = sourcecode.swift; path = SystemBootTimeReader.swift; sourceTree = "<group>"; };
		27A687DB66211F896AB92805 /* PlanSetupView.swift */ = {isa = PBXFileReference; lastKnownFileType = sourcecode.swift; path = PlanSetupView.swift; sourceTree = "<group>"; };
		29FABDE31F52D6B296EC3A43 /* BillingPeriodServiceTests.swift */ = {isa = PBXFileReference; lastKnownFileType = sourcecode.swift; path = BillingPeriodServiceTests.swift; sourceTree = "<group>"; };
		2C93B2C69C233D68BD0FED04 /* DataViewWidgets.appex */ = {isa = PBXFileReference; includeInIndex = 0; lastKnownFileType = "wrapper.app-extension"; path = DataViewWidgets.appex; sourceTree = BUILT_PRODUCTS_DIR; };
		36363E9A605BC276B974F4F4 /* WidgetAppearancePreferencesStoreTests.swift */ = {isa = PBXFileReference; lastKnownFileType = sourcecode.swift; path = WidgetAppearancePreferencesStoreTests.swift; sourceTree = "<group>"; };
		37EE04EF1643927ABF7C6891 /* DataViewWidgetBundle.swift */ = {isa = PBXFileReference; lastKnownFileType = sourcecode.swift; path = DataViewWidgetBundle.swift; sourceTree = "<group>"; };
		37EE4D9BA81F1EE768CB33C4 /* DesignTokens.swift */ = {isa = PBXFileReference; lastKnownFileType = sourcecode.swift; path = DesignTokens.swift; sourceTree = "<group>"; };
		3940887FC803D2369BFE0338 /* SplashView.swift */ = {isa = PBXFileReference; lastKnownFileType = sourcecode.swift; path = SplashView.swift; sourceTree = "<group>"; };
		3C189FD574C93ABAFB7876C1 /* UsageSummaryBuilder.swift */ = {isa = PBXFileReference; lastKnownFileType = sourcecode.swift; path = UsageSummaryBuilder.swift; sourceTree = "<group>"; };
		3DA48FB0519A20D49C2ED1B3 /* RefreshUsageIntent.swift */ = {isa = PBXFileReference; lastKnownFileType = sourcecode.swift; path = RefreshUsageIntent.swift; sourceTree = "<group>"; };
		3E465C5B5D831D940D9C664C /* AppModel.swift */ = {isa = PBXFileReference; lastKnownFileType = sourcecode.swift; path = AppModel.swift; sourceTree = "<group>"; };
		429B21C3637B406D862C9136 /* UsageNotificationService.swift */ = {isa = PBXFileReference; lastKnownFileType = sourcecode.swift; path = UsageNotificationService.swift; sourceTree = "<group>"; };
		4D6C2BD9BED271DF3031DB92 /* WidgetSummaryPresentationTests.swift */ = {isa = PBXFileReference; lastKnownFileType = sourcecode.swift; path = WidgetSummaryPresentationTests.swift; sourceTree = "<group>"; };
		5077E1062814A27CD7A89EC1 /* Assets.xcassets */ = {isa = PBXFileReference; lastKnownFileType = folder.assetcatalog; path = Assets.xcassets; sourceTree = "<group>"; };
		524ECA412171CFED0760D7BD /* UsageHistorySummaryTests.swift */ = {isa = PBXFileReference; lastKnownFileType = sourcecode.swift; path = UsageHistorySummaryTests.swift; sourceTree = "<group>"; };
		534DD00200BCCFFA9D11D372 /* InterfaceClassifier.swift */ = {isa = PBXFileReference; lastKnownFileType = sourcecode.swift; path = InterfaceClassifier.swift; sourceTree = "<group>"; };
		540DD51DA3E095D4BDECCF30 /* DataAmountFormatterTests.swift */ = {isa = PBXFileReference; lastKnownFileType = sourcecode.swift; path = DataAmountFormatterTests.swift; sourceTree = "<group>"; };
		56A9AE63143803C824EB6A6A /* WidgetSummaryRepository.swift */ = {isa = PBXFileReference; lastKnownFileType = sourcecode.swift; path = WidgetSummaryRepository.swift; sourceTree = "<group>"; };
		5FBB5F016B6DD75A29A26CC8 /* DataViewWidgetUITests.xctest */ = {isa = PBXFileReference; includeInIndex = 0; lastKnownFileType = wrapper.cfbundle; path = DataViewWidgetUITests.xctest; sourceTree = BUILT_PRODUCTS_DIR; };
		65A33AD3836006401F7C186B /* BackgroundRefreshCoordinator.swift */ = {isa = PBXFileReference; lastKnownFileType = sourcecode.swift; path = BackgroundRefreshCoordinator.swift; sourceTree = "<group>"; };
		6C6BE553D584AE6C29477BD9 /* UsageMeasurementServiceTests.swift */ = {isa = PBXFileReference; lastKnownFileType = sourcecode.swift; path = UsageMeasurementServiceTests.swift; sourceTree = "<group>"; };
		7390836797AF9A4ED565F53B /* UsageMeasurementService.swift */ = {isa = PBXFileReference; lastKnownFileType = sourcecode.swift; path = UsageMeasurementService.swift; sourceTree = "<group>"; };
		75B77506BC76AA4B755C7349 /* DataAmountFormatter.swift */ = {isa = PBXFileReference; lastKnownFileType = sourcecode.swift; path = DataAmountFormatter.swift; sourceTree = "<group>"; };
		7ABDE35CC10B220A015C745A /* UsageRepository.swift */ = {isa = PBXFileReference; lastKnownFileType = sourcecode.swift; path = UsageRepository.swift; sourceTree = "<group>"; };
		7C65F2FFFFA3EF2F912D9E79 /* WidgetAppearancePreferencesStore.swift */ = {isa = PBXFileReference; lastKnownFileType = sourcecode.swift; path = WidgetAppearancePreferencesStore.swift; sourceTree = "<group>"; };
		7EF9E87F92E595BD01C5AE4C /* UsageRefreshService.swift */ = {isa = PBXFileReference; lastKnownFileType = sourcecode.swift; path = UsageRefreshService.swift; sourceTree = "<group>"; };
		89938FAD97CBC0D7DDD3953E /* UsageModels.swift */ = {isa = PBXFileReference; lastKnownFileType = sourcecode.swift; path = UsageModels.swift; sourceTree = "<group>"; };
		8EE2861F9CC8B9D723E31C54 /* MeasurementStatusView.swift */ = {isa = PBXFileReference; lastKnownFileType = sourcecode.swift; path = MeasurementStatusView.swift; sourceTree = "<group>"; };
		99CB30BB7EE1163C4D576F72 /* WidgetSummaryStore.swift */ = {isa = PBXFileReference; lastKnownFileType = sourcecode.swift; path = WidgetSummaryStore.swift; sourceTree = "<group>"; };
		9C23AF2563543B587F6544E2 /* UsageNotificationServiceTests.swift */ = {isa = PBXFileReference; lastKnownFileType = sourcecode.swift; path = UsageNotificationServiceTests.swift; sourceTree = "<group>"; };
		9D9C85BFFCF0FC7D985559AC /* CounterDeltaCalculator.swift */ = {isa = PBXFileReference; lastKnownFileType = sourcecode.swift; path = CounterDeltaCalculator.swift; sourceTree = "<group>"; };
		A56AA06307A35452369236EA /* CarrierUsageSyncUITests.swift */ = {isa = PBXFileReference; lastKnownFileType = sourcecode.swift; path = CarrierUsageSyncUITests.swift; sourceTree = "<group>"; };
		A80EF110254AABCEFEA470CD /* SettingsRepository.swift */ = {isa = PBXFileReference; lastKnownFileType = sourcecode.swift; path = SettingsRepository.swift; sourceTree = "<group>"; };
		A9F6B64C01F4B7B2E6AFC47A /* MainTabView.swift */ = {isa = PBXFileReference; lastKnownFileType = sourcecode.swift; path = MainTabView.swift; sourceTree = "<group>"; };
		AD1CA3C1731CD92AD49F4B81 /* PrivacyInfo.xcprivacy */ = {isa = PBXFileReference; path = PrivacyInfo.xcprivacy; sourceTree = "<group>"; };
		B01F866D710640616530151C /* DashboardView.swift */ = {isa = PBXFileReference; lastKnownFileType = sourcecode.swift; path = DashboardView.swift; sourceTree = "<group>"; };
		B8C52BFC39D466730364D9BE /* Components.swift */ = {isa = PBXFileReference; lastKnownFileType = sourcecode.swift; path = Components.swift; sourceTree = "<group>"; };
		BB2673A838733F26EB027E56 /* NetworkCounterReader.swift */ = {isa = PBXFileReference; lastKnownFileType = sourcecode.swift; path = NetworkCounterReader.swift; sourceTree = "<group>"; };
		BC1C5231334D9830578B6FE6 /* UsageHistorySummary.swift */ = {isa = PBXFileReference; lastKnownFileType = sourcecode.swift; path = UsageHistorySummary.swift; sourceTree = "<group>"; };
		C25401A35029DF419DCA85FA /* BillingPeriodService.swift */ = {isa = PBXFileReference; lastKnownFileType = sourcecode.swift; path = BillingPeriodService.swift; sourceTree = "<group>"; };
		C5735903967C55C5F70EAAA7 /* OnboardingView.swift */ = {isa = PBXFileReference; lastKnownFileType = sourcecode.swift; path = OnboardingView.swift; sourceTree = "<group>"; };
		CE5B157E538DF8ADCB74F95E /* RemainingAmountLayoutTests.swift */ = {isa = PBXFileReference; lastKnownFileType = sourcecode.swift; path = RemainingAmountLayoutTests.swift; sourceTree = "<group>"; };
		CFC2ADB22773446A75D5C104 /* InterfaceClassifierTests.swift */ = {isa = PBXFileReference; lastKnownFileType = sourcecode.swift; path = InterfaceClassifierTests.swift; sourceTree = "<group>"; };
		DD16FFEA731A31A34F11B768 /* RootView.swift */ = {isa = PBXFileReference; lastKnownFileType = sourcecode.swift; path = RootView.swift; sourceTree = "<group>"; };
		E2B8DE6C4578F0A9F3748A64 /* WidgetAppearancePreferences.swift */ = {isa = PBXFileReference; lastKnownFileType = sourcecode.swift; path = WidgetAppearancePreferences.swift; sourceTree = "<group>"; };
		E587E55C03511EE381B71AB4 /* SettingsView.swift */ = {isa = PBXFileReference; lastKnownFileType = sourcecode.swift; path = SettingsView.swift; sourceTree = "<group>"; };
		E63579B98F507F1C5A8D0B88 /* DataViewWidgetUITests.swift */ = {isa = PBXFileReference; lastKnownFileType = sourcecode.swift; path = DataViewWidgetUITests.swift; sourceTree = "<group>"; };
		ED030455ACDF58E43B0AD166 /* DataViewTests.xctest */ = {isa = PBXFileReference; includeInIndex = 0; lastKnownFileType = wrapper.cfbundle; path = DataViewTests.xctest; sourceTree = BUILT_PRODUCTS_DIR; };
		F0B5089269324547F94D6498 /* DataViewUsageWidget.swift */ = {isa = PBXFileReference; lastKnownFileType = sourcecode.swift; path = DataViewUsageWidget.swift; sourceTree = "<group>"; };
		F165DAB8E596565CFA684972 /* PrivacyInfo.xcprivacy */ = {isa = PBXFileReference; path = PrivacyInfo.xcprivacy; sourceTree = "<group>"; };
		F4BF540992FC4A88B33433F1 /* ResetInputsUITests.swift */ = {isa = PBXFileReference; lastKnownFileType = sourcecode.swift; path = ResetInputsUITests.swift; sourceTree = "<group>"; };
		FA2831C076665A9021001D94 /* DataView.app */ = {isa = PBXFileReference; includeInIndex = 0; lastKnownFileType = wrapper.application; path = DataView.app; sourceTree = BUILT_PRODUCTS_DIR; };
		FB1566DB5D2F721AFA9FD3E6 /* HotspotCalibrationService.swift */ = {isa = PBXFileReference; lastKnownFileType = sourcecode.swift; path = HotspotCalibrationService.swift; sourceTree = "<group>"; };
		FB97EC67D3EDB3AA4AE178CE /* StatisticsView.swift */ = {isa = PBXFileReference; lastKnownFileType = sourcecode.swift; path = StatisticsView.swift; sourceTree = "<group>"; };
		FFE23D86CF04A0BE5B82E0FD /* HotspotUsageViews.swift */ = {isa = PBXFileReference; lastKnownFileType = sourcecode.swift; path = HotspotUsageViews.swift; sourceTree = "<group>"; };
/* End PBXFileReference section */

/* Begin PBXGroup section */
		04DA7FC8170C8BC54362E15C = {
			isa = PBXGroup;
			children = (
				8FA3B4CFAEA5EE244DDDA95F /* Sources */,
				92274A4FCB44C50C72F47AF8 /* Tests */,
				DF276AD9A633F87C722FA976 /* Widgets */,
				B3EF31628A2CE67DBB885092 /* WidgetUITests */,
				D0ECADEF7F9122838946EEFF /* Products */,
			);
			sourceTree = "<group>";
		};
		30C7A0614910CA4E464C5F75 /* Shared */ = {
			isa = PBXGroup;
			children = (
				E43CA9AFD5342D065EB24B89 /* Formatting */,
				BA515A9CC2EED1C2341EDB8A /* Intents */,
				FF626F9E68E79A151C11914A /* Models */,
				6AB1BF9F1E8CF24D2E008DCE /* Storage */,
			);
			path = Shared;
			sourceTree = "<group>";
		};
		3DFC099AADB473282E7BB067 /* Billing */ = {
			isa = PBXGroup;
			children = (
				C25401A35029DF419DCA85FA /* BillingPeriodService.swift */,
				FB1566DB5D2F721AFA9FD3E6 /* HotspotCalibrationService.swift */,
				BC1C5231334D9830578B6FE6 /* UsageHistorySummary.swift */,
				3C189FD574C93ABAFB7876C1 /* UsageSummaryBuilder.swift */,
			);
			path = Billing;
			sourceTree = "<group>";
		};
		6A24AD1C2397EEAE497072F3 /* Storage */ = {
			isa = PBXGroup;
			children = (
				A80EF110254AABCEFEA470CD /* SettingsRepository.swift */,
				7ABDE35CC10B220A015C745A /* UsageRepository.swift */,
				56A9AE63143803C824EB6A6A /* WidgetSummaryRepository.swift */,
			);
			path = Storage;
			sourceTree = "<group>";
		};
		6AB1BF9F1E8CF24D2E008DCE /* Storage */ = {
			isa = PBXGroup;
			children = (
				7C65F2FFFFA3EF2F912D9E79 /* WidgetAppearancePreferencesStore.swift */,
				99CB30BB7EE1163C4D576F72 /* WidgetSummaryStore.swift */,
			);
			path = Storage;
			sourceTree = "<group>";
		};
		8FA3B4CFAEA5EE244DDDA95F /* Sources */ = {
			isa = PBXGroup;
			children = (
				F165DAB8E596565CFA684972 /* PrivacyInfo.xcprivacy */,
				B153B50834ACFBC970E047D1 /* App */,
				DDB2C4DBF6EE5617C7F897C5 /* Core */,
				F5887B7C3D53034ACB7B619F /* DesignSystem */,
				AB9BF4731D78D46621ED0DFC /* Features */,
				30C7A0614910CA4E464C5F75 /* Shared */,
			);
			path = Sources;
			sourceTree = "<group>";
		};
		92274A4FCB44C50C72F47AF8 /* Tests */ = {
			isa = PBXGroup;
			children = (
				29FABDE31F52D6B296EC3A43 /* BillingPeriodServiceTests.swift */,
				0CE2048A21C9920672271E21 /* CounterDeltaCalculatorTests.swift */,
				540DD51DA3E095D4BDECCF30 /* DataAmountFormatterTests.swift */,
				139768B786FFF194FA37774D /* HotspotMeasurementTests.swift */,
				CFC2ADB22773446A75D5C104 /* InterfaceClassifierTests.swift */,
				CE5B157E538DF8ADCB74F95E /* RemainingAmountLayoutTests.swift */,
				524ECA412171CFED0760D7BD /* UsageHistorySummaryTests.swift */,
				6C6BE553D584AE6C29477BD9 /* UsageMeasurementServiceTests.swift */,
				9C23AF2563543B587F6544E2 /* UsageNotificationServiceTests.swift */,
				1580D647620253F34DB0905C /* UsageRefreshServiceTests.swift */,
				36363E9A605BC276B974F4F4 /* WidgetAppearancePreferencesStoreTests.swift */,
				4D6C2BD9BED271DF3031DB92 /* WidgetSummaryPresentationTests.swift */,
			);
			path = Tests;
			sourceTree = "<group>";
		};
		9CA29E13B8445BFA50BDDB90 /* Dashboard */ = {
			isa = PBXGroup;
			children = (
				B01F866D710640616530151C /* DashboardView.swift */,
				FFE23D86CF04A0BE5B82E0FD /* HotspotUsageViews.swift */,
			);
			path = Dashboard;
			sourceTree = "<group>";
		};
		AB9BF4731D78D46621ED0DFC /* Features */ = {
			isa = PBXGroup;
			children = (
				9CA29E13B8445BFA50BDDB90 /* Dashboard */,
				D0D9E55B2251AACC45DE6388 /* Onboarding */,
				D19A4C0801F01684AF94AB15 /* Settings */,
				EB341085A5C6E4C85374A4AE /* Statistics */,
			);
			path = Features;
			sourceTree = "<group>";
		};
		B153B50834ACFBC970E047D1 /* App */ = {
			isa = PBXGroup;
			children = (
				3E465C5B5D831D940D9C664C /* AppModel.swift */,
				65A33AD3836006401F7C186B /* BackgroundRefreshCoordinator.swift */,
				25C46039B8ACBDB4B9922A8C /* DataViewApp.swift */,
				A9F6B64C01F4B7B2E6AFC47A /* MainTabView.swift */,
				DD16FFEA731A31A34F11B768 /* RootView.swift */,
			);
			path = App;
			sourceTree = "<group>";
		};
		B3EF31628A2CE67DBB885092 /* WidgetUITests */ = {
			isa = PBXGroup;
			children = (
				A56AA06307A35452369236EA /* CarrierUsageSyncUITests.swift */,
				E63579B98F507F1C5A8D0B88 /* DataViewWidgetUITests.swift */,
				F4BF540992FC4A88B33433F1 /* ResetInputsUITests.swift */,
			);
			path = WidgetUITests;
			sourceTree = "<group>";
		};
		BA515A9CC2EED1C2341EDB8A /* Intents */ = {
			isa = PBXGroup;
			children = (
				3DA48FB0519A20D49C2ED1B3 /* RefreshUsageIntent.swift */,
			);
			path = Intents;
			sourceTree = "<group>";
		};
		D0D9E55B2251AACC45DE6388 /* Onboarding */ = {
			isa = PBXGroup;
			children = (
				C5735903967C55C5F70EAAA7 /* OnboardingView.swift */,
				27A687DB66211F896AB92805 /* PlanSetupView.swift */,
				3940887FC803D2369BFE0338 /* SplashView.swift */,
			);
			path = Onboarding;
			sourceTree = "<group>";
		};
		D0ECADEF7F9122838946EEFF /* Products */ = {
			isa = PBXGroup;
			children = (
				FA2831C076665A9021001D94 /* DataView.app */,
				ED030455ACDF58E43B0AD166 /* DataViewTests.xctest */,
				2C93B2C69C233D68BD0FED04 /* DataViewWidgets.appex */,
				5FBB5F016B6DD75A29A26CC8 /* DataViewWidgetUITests.xctest */,
			);
			name = Products;
			sourceTree = "<group>";
		};
		D19A4C0801F01684AF94AB15 /* Settings */ = {
			isa = PBXGroup;
			children = (
				8EE2861F9CC8B9D723E31C54 /* MeasurementStatusView.swift */,
				E587E55C03511EE381B71AB4 /* SettingsView.swift */,
			);
			path = Settings;
			sourceTree = "<group>";
		};
		DDB2C4DBF6EE5617C7F897C5 /* Core */ = {
			isa = PBXGroup;
			children = (
				3DFC099AADB473282E7BB067 /* Billing */,
				E60ABEE49DC176F5114ED9A5 /* Measurement */,
				E1B3DC61FBC92DF2DE5C4049 /* Notifications */,
				6A24AD1C2397EEAE497072F3 /* Storage */,
			);
			path = Core;
			sourceTree = "<group>";
		};
		DF276AD9A633F87C722FA976 /* Widgets */ = {
			isa = PBXGroup;
			children = (
				F0B5089269324547F94D6498 /* DataViewUsageWidget.swift */,
				37EE04EF1643927ABF7C6891 /* DataViewWidgetBundle.swift */,
				AD1CA3C1731CD92AD49F4B81 /* PrivacyInfo.xcprivacy */,
			);
			path = Widgets;
			sourceTree = "<group>";
		};
		E1B3DC61FBC92DF2DE5C4049 /* Notifications */ = {
			isa = PBXGroup;
			children = (
				429B21C3637B406D862C9136 /* UsageNotificationService.swift */,
			);
			path = Notifications;
			sourceTree = "<group>";
		};
		E43CA9AFD5342D065EB24B89 /* Formatting */ = {
			isa = PBXGroup;
			children = (
				75B77506BC76AA4B755C7349 /* DataAmountFormatter.swift */,
			);
			path = Formatting;
			sourceTree = "<group>";
		};
		E60ABEE49DC176F5114ED9A5 /* Measurement */ = {
			isa = PBXGroup;
			children = (
				9D9C85BFFCF0FC7D985559AC /* CounterDeltaCalculator.swift */,
				0CEFDC6A3EABDB09BEE88B2C /* HotspotUsageCalculator.swift */,
				534DD00200BCCFFA9D11D372 /* InterfaceClassifier.swift */,
				BB2673A838733F26EB027E56 /* NetworkCounterReader.swift */,
				27180E6C9F0312831CFCA462 /* SystemBootTimeReader.swift */,
				7390836797AF9A4ED565F53B /* UsageMeasurementService.swift */,
				7EF9E87F92E595BD01C5AE4C /* UsageRefreshService.swift */,
			);
			path = Measurement;
			sourceTree = "<group>";
		};
		EB341085A5C6E4C85374A4AE /* Statistics */ = {
			isa = PBXGroup;
			children = (
				FB97EC67D3EDB3AA4AE178CE /* StatisticsView.swift */,
			);
			path = Statistics;
			sourceTree = "<group>";
		};
		F5887B7C3D53034ACB7B619F /* DesignSystem */ = {
			isa = PBXGroup;
			children = (
				5077E1062814A27CD7A89EC1 /* Assets.xcassets */,
				B8C52BFC39D466730364D9BE /* Components.swift */,
				37EE4D9BA81F1EE768CB33C4 /* DesignTokens.swift */,
			);
			path = DesignSystem;
			sourceTree = "<group>";
		};
		FF626F9E68E79A151C11914A /* Models */ = {
			isa = PBXGroup;
			children = (
				89938FAD97CBC0D7DDD3953E /* UsageModels.swift */,
				E2B8DE6C4578F0A9F3748A64 /* WidgetAppearancePreferences.swift */,
			);
			path = Models;
			sourceTree = "<group>";
		};
/* End PBXGroup section */

/* Begin PBXNativeTarget section */
		638784A5E08BFB14B3FF8302 /* DataViewWidgets */ = {
			isa = PBXNativeTarget;
			buildConfigurationList = 8175F8BB07CEF8AA817331BD /* Build configuration list for PBXNativeTarget "DataViewWidgets" */;
			buildPhases = (
				A6A3FD61966EDD3ED519937A /* Sources */,
				1DA8A62E5A90895C7B6DD597 /* Resources */,
			);
			buildRules = (
			);
			dependencies = (
			);
			name = DataViewWidgets;
			packageProductDependencies = (
			);
			productName = DataViewWidgets;
			productReference = 2C93B2C69C233D68BD0FED04 /* DataViewWidgets.appex */;
			productType = "com.apple.product-type.app-extension";
		};
		64D4BBB335BEE003DD5D0427 /* DataViewTests */ = {
			isa = PBXNativeTarget;
			buildConfigurationList = FB0B988A7B2AAE17AE2D8D21 /* Build configuration list for PBXNativeTarget "DataViewTests" */;
			buildPhases = (
				1EB06AFB5B0864929F5ECF7F /* Sources */,
			);
			buildRules = (
			);
			dependencies = (
				62A63AB5B56388F494588054 /* PBXTargetDependency */,
			);
			name = DataViewTests;
			packageProductDependencies = (
			);
			productName = DataViewTests;
			productReference = ED030455ACDF58E43B0AD166 /* DataViewTests.xctest */;
			productType = "com.apple.product-type.bundle.unit-test";
		};
		7B06B8920FAFF5F31EF2356C /* DataViewWidgetUITests */ = {
			isa = PBXNativeTarget;
			buildConfigurationList = 63BB936CA4246D08EA73CC95 /* Build configuration list for PBXNativeTarget "DataViewWidgetUITests" */;
			buildPhases = (
				B4C3F0CA02F4860C7ED93B55 /* Sources */,
			);
			buildRules = (
			);
			dependencies = (
				820896090906519CB4B7BF2D /* PBXTargetDependency */,
			);
			name = DataViewWidgetUITests;
			packageProductDependencies = (
			);
			productName = DataViewWidgetUITests;
			productReference = 5FBB5F016B6DD75A29A26CC8 /* DataViewWidgetUITests.xctest */;
			productType = "com.apple.product-type.bundle.ui-testing";
		};
		A50DCEC4D9B831E74286BE6F /* DataView */ = {
			isa = PBXNativeTarget;
			buildConfigurationList = DDA98765B44E696DFF07C44E /* Build configuration list for PBXNativeTarget "DataView" */;
			buildPhases = (
				A9EF0768B6325247387DB4C5 /* Sources */,
				11F9D93BDA6D484C07D66332 /* Resources */,
				D743F03BF82F8EC9DA421971 /* Embed Foundation Extensions */,
			);
			buildRules = (
			);
			dependencies = (
				CB62B5445954ACC6D61B063D /* PBXTargetDependency */,
			);
			name = DataView;
			packageProductDependencies = (
			);
			productName = DataView;
			productReference = FA2831C076665A9021001D94 /* DataView.app */;
			productType = "com.apple.product-type.application";
		};
/* End PBXNativeTarget section */

/* Begin PBXProject section */
		31197E3FDE79CA0343C3A08E /* Project object */ = {
			isa = PBXProject;
			attributes = {
				BuildIndependentTargetsInParallel = YES;
				LastUpgradeCheck = 2700;
				TargetAttributes = {
					638784A5E08BFB14B3FF8302 = {
						DevelopmentTeam = "";
						ProvisioningStyle = Automatic;
					};
					64D4BBB335BEE003DD5D0427 = {
						DevelopmentTeam = "";
						ProvisioningStyle = Automatic;
					};
					7B06B8920FAFF5F31EF2356C = {
						DevelopmentTeam = "";
						ProvisioningStyle = Automatic;
						TestTargetID = A50DCEC4D9B831E74286BE6F;
					};
					A50DCEC4D9B831E74286BE6F = {
						DevelopmentTeam = "";
						ProvisioningStyle = Automatic;
					};
				};
			};
			buildConfigurationList = 6664DC5DAEC6FB690601A82D /* Build configuration list for PBXProject "DataView" */;
			developmentRegion = ko;
			hasScannedForEncodings = 0;
			knownRegions = (
				Base,
				ko,
			);
			mainGroup = 04DA7FC8170C8BC54362E15C;
			minimizedProjectReferenceProxies = 1;
			preferredProjectObjectVersion = 77;
			productRefGroup = D0ECADEF7F9122838946EEFF /* Products */;
			projectDirPath = "";
			projectRoot = "";
			targets = (
				A50DCEC4D9B831E74286BE6F /* DataView */,
				638784A5E08BFB14B3FF8302 /* DataViewWidgets */,
				64D4BBB335BEE003DD5D0427 /* DataViewTests */,
				7B06B8920FAFF5F31EF2356C /* DataViewWidgetUITests */,
			);
		};
/* End PBXProject section */

/* Begin PBXResourcesBuildPhase section */
		11F9D93BDA6D484C07D66332 /* Resources */ = {
			isa = PBXResourcesBuildPhase;
			buildActionMask = 2147483647;
			files = (
				5C21ED8F4C6EAFEB75B048A6 /* Assets.xcassets in Resources */,
				1D4F33146F77F60BB1F2E921 /* PrivacyInfo.xcprivacy in Resources */,
			);
			runOnlyForDeploymentPostprocessing = 0;
		};
		1DA8A62E5A90895C7B6DD597 /* Resources */ = {
			isa = PBXResourcesBuildPhase;
			buildActionMask = 2147483647;
			files = (
				1EF01F667ED3108252B5B407 /* PrivacyInfo.xcprivacy in Resources */,
			);
			runOnlyForDeploymentPostprocessing = 0;
		};
/* End PBXResourcesBuildPhase section */

/* Begin PBXSourcesBuildPhase section */
		1EB06AFB5B0864929F5ECF7F /* Sources */ = {
			isa = PBXSourcesBuildPhase;
			buildActionMask = 2147483647;
			files = (
				85FCA670CD4885C9FFFC20FC /* BillingPeriodServiceTests.swift in Sources */,
				253D830E3DA6626AED97866B /* CounterDeltaCalculatorTests.swift in Sources */,
				4507D61F377711C87C799751 /* DataAmountFormatterTests.swift in Sources */,
				56EA90081C8CE4B12359BDFF /* HotspotMeasurementTests.swift in Sources */,
				5563A4CE30A75025B43012D9 /* InterfaceClassifierTests.swift in Sources */,
				477F14654286EF675AA8D0D8 /* RemainingAmountLayoutTests.swift in Sources */,
				7F1C988E3794E11BC4F1F0D7 /* UsageHistorySummaryTests.swift in Sources */,
				C7337DDABDA40D69CDAE20CE /* UsageMeasurementServiceTests.swift in Sources */,
				BB0B549492B0AB24D3DD021F /* UsageNotificationServiceTests.swift in Sources */,
				314FFB2F702EE24169363F56 /* UsageRefreshServiceTests.swift in Sources */,
				37944A3F587326E6A6B61A6A /* WidgetAppearancePreferencesStoreTests.swift in Sources */,
				F540D2355CE67C4F54D41695 /* WidgetSummaryPresentationTests.swift in Sources */,
			);
			runOnlyForDeploymentPostprocessing = 0;
		};
		A6A3FD61966EDD3ED519937A /* Sources */ = {
			isa = PBXSourcesBuildPhase;
			buildActionMask = 2147483647;
			files = (
				C5655BD3F96122EB15C41EC8 /* DataAmountFormatter.swift in Sources */,
				7068546D0A5545CC9B1D5C44 /* DataViewUsageWidget.swift in Sources */,
				1EA0C133E9D5D692ABA14417 /* DataViewWidgetBundle.swift in Sources */,
				465D4380C806F42702A8B747 /* DesignTokens.swift in Sources */,
				E13B5429D0028BCDF32C9143 /* RefreshUsageIntent.swift in Sources */,
				04A312C646EB9A45A770EA54 /* UsageModels.swift in Sources */,
				B85427FF9E1F7404FD5CA7D4 /* WidgetAppearancePreferences.swift in Sources */,
				48EFFB47AC07DA643E1B31C9 /* WidgetAppearancePreferencesStore.swift in Sources */,
				2B095FE3BAAA77794C74B9B8 /* WidgetSummaryStore.swift in Sources */,
			);
			runOnlyForDeploymentPostprocessing = 0;
		};
		A9EF0768B6325247387DB4C5 /* Sources */ = {
			isa = PBXSourcesBuildPhase;
			buildActionMask = 2147483647;
			files = (
				B7A5DDB2A12672ACF54A4897 /* AppModel.swift in Sources */,
				96CF134F614DDF226BED2197 /* BackgroundRefreshCoordinator.swift in Sources */,
				FD6CE901AD6AE6FFEBE451D3 /* BillingPeriodService.swift in Sources */,
				33A8A57976DDDB953785E027 /* Components.swift in Sources */,
				6C2FFF1B4CF95B30C1E83BA6 /* CounterDeltaCalculator.swift in Sources */,
				FC2B827865321C0FCCA147B1 /* DashboardView.swift in Sources */,
				E3FACBBA3BEBAA5734AD7C0D /* DataAmountFormatter.swift in Sources */,
				7D26B910DBFFDDDF36B26AD2 /* DataViewApp.swift in Sources */,
				FB0AEADDFEFA535FC76FF7ED /* DesignTokens.swift in Sources */,
				F8D8C9F00F9A119D2DA105C5 /* HotspotCalibrationService.swift in Sources */,
				40362748C48CD7F2376D85B9 /* HotspotUsageCalculator.swift in Sources */,
				7A82B75DC4657AC76437064A /* HotspotUsageViews.swift in Sources */,
				1550DF2DEB2F71AA50A157D5 /* InterfaceClassifier.swift in Sources */,
				F8CBAFE03EF6C7AB5CF53AA0 /* MainTabView.swift in Sources */,
				05CBE13549E48DEB3646DB66 /* MeasurementStatusView.swift in Sources */,
				ED68133180D9174D3F93C25A /* NetworkCounterReader.swift in Sources */,
				A8990C115A2C64121D2CAAF7 /* OnboardingView.swift in Sources */,
				8D70CD4245F2C7C89D2954C2 /* PlanSetupView.swift in Sources */,
				4A57FAAE49435DA7A7650635 /* RefreshUsageIntent.swift in Sources */,
				4C1A0CD0F8A010F74F34C74B /* RootView.swift in Sources */,
				31876F70D12DBBC81389970A /* SettingsRepository.swift in Sources */,
				CCE85DB3448F07920FE9CB81 /* SettingsView.swift in Sources */,
				1E4A633E9532C39B761CFECD /* SplashView.swift in Sources */,
				AF441063686581586B64E8AA /* StatisticsView.swift in Sources */,
				C6456FB99B101F2AC6FD6224 /* SystemBootTimeReader.swift in Sources */,
				0284913209351020645AC36B /* UsageHistorySummary.swift in Sources */,
				FD1293A7093972A339D75792 /* UsageMeasurementService.swift in Sources */,
				0ABAA4FC80D3693FF3934142 /* UsageModels.swift in Sources */,
				9A0DB6F50DD8B53202563474 /* UsageNotificationService.swift in Sources */,
				263BEE25D5BCE303A1BA41E5 /* UsageRefreshService.swift in Sources */,
				954C218B4FA23F746EB3D97B /* UsageRepository.swift in Sources */,
				4641463E293026AE80E0EE58 /* UsageSummaryBuilder.swift in Sources */,
				ED30E5938BEAE78B2D6D1ACA /* WidgetAppearancePreferences.swift in Sources */,
				BF39C43CD57CB5EEB6435819 /* WidgetAppearancePreferencesStore.swift in Sources */,
				4CE50F5FB4D8C9374195DF40 /* WidgetSummaryRepository.swift in Sources */,
				1049BE5DAD2C8FE18AE905AE /* WidgetSummaryStore.swift in Sources */,
			);
			runOnlyForDeploymentPostprocessing = 0;
		};
		B4C3F0CA02F4860C7ED93B55 /* Sources */ = {
			isa = PBXSourcesBuildPhase;
			buildActionMask = 2147483647;
			files = (
				0A08F6BF77A0A7E881B8BCB0 /* CarrierUsageSyncUITests.swift in Sources */,
				540723E6FBB49F6E0E8DAEB9 /* DataViewWidgetUITests.swift in Sources */,
				551C653389CB379225E519EB /* ResetInputsUITests.swift in Sources */,
			);
			runOnlyForDeploymentPostprocessing = 0;
		};
/* End PBXSourcesBuildPhase section */

/* Begin PBXTargetDependency section */
		62A63AB5B56388F494588054 /* PBXTargetDependency */ = {
			isa = PBXTargetDependency;
			target = A50DCEC4D9B831E74286BE6F /* DataView */;
			targetProxy = E1282A5FE9BD9E7D5FAC164C /* PBXContainerItemProxy */;
		};
		820896090906519CB4B7BF2D /* PBXTargetDependency */ = {
			isa = PBXTargetDependency;
			target = A50DCEC4D9B831E74286BE6F /* DataView */;
			targetProxy = 826551C6F35804BE65742BB5 /* PBXContainerItemProxy */;
		};
		CB62B5445954ACC6D61B063D /* PBXTargetDependency */ = {
			isa = PBXTargetDependency;
			target = 638784A5E08BFB14B3FF8302 /* DataViewWidgets */;
			targetProxy = CD7FC334F6C87067E9AC1D8C /* PBXContainerItemProxy */;
		};
/* End PBXTargetDependency section */

/* Begin XCBuildConfiguration section */
		2097FE42FFDC44F450411FB5 /* Release */ = {
			isa = XCBuildConfiguration;
			buildSettings = {
				BUNDLE_LOADER = "$(TEST_HOST)";
				GENERATE_INFOPLIST_FILE = YES;
				LD_RUNPATH_SEARCH_PATHS = (
					"$(inherited)",
					"@executable_path/Frameworks",
					"@loader_path/Frameworks",
				);
				PRODUCT_BUNDLE_IDENTIFIER = com.edward.DataViewTests;
				SDKROOT = iphoneos;
				TARGETED_DEVICE_FAMILY = "1,2";
				TEST_HOST = "$(BUILT_PRODUCTS_DIR)/DataView.app/DataView";
			};
			name = Release;
		};
		311782E8BBD18B88970885F6 /* Debug */ = {
			isa = XCBuildConfiguration;
			buildSettings = {
				ASSETCATALOG_COMPILER_APPICON_NAME = AppIcon;
				CODE_SIGN_ENTITLEMENTS = Config/DataView.entitlements;
				CODE_SIGN_IDENTITY = "iPhone Developer";
				INFOPLIST_FILE = "Config/DataView-Info.plist";
				INFOPLIST_KEY_UIApplicationSceneManifest_Generation = YES;
				INFOPLIST_KEY_UIApplicationSupportsIndirectInputEvents = YES;
				INFOPLIST_KEY_UILaunchScreen_Generation = YES;
				LD_RUNPATH_SEARCH_PATHS = (
					"$(inherited)",
					"@executable_path/Frameworks",
				);
				PRODUCT_BUNDLE_IDENTIFIER = com.edward.DataView;
				SDKROOT = iphoneos;
				TARGETED_DEVICE_FAMILY = "1,2";
			};
			name = Debug;
		};
		3EACA7613E41E1703B57B4F3 /* Release */ = {
			isa = XCBuildConfiguration;
			buildSettings = {
				ASSETCATALOG_COMPILER_APPICON_NAME = AppIcon;
				CODE_SIGN_ENTITLEMENTS = Config/DataView.entitlements;
				CODE_SIGN_IDENTITY = "iPhone Developer";
				INFOPLIST_FILE = "Config/DataView-Info.plist";
				INFOPLIST_KEY_UIApplicationSceneManifest_Generation = YES;
				INFOPLIST_KEY_UIApplicationSupportsIndirectInputEvents = YES;
				INFOPLIST_KEY_UILaunchScreen_Generation = YES;
				LD_RUNPATH_SEARCH_PATHS = (
					"$(inherited)",
					"@executable_path/Frameworks",
				);
				PRODUCT_BUNDLE_IDENTIFIER = com.edward.DataView;
				SDKROOT = iphoneos;
				TARGETED_DEVICE_FAMILY = "1,2";
			};
			name = Release;
		};
		53772A2212A0BE7CFFBFE227 /* Debug */ = {
			isa = XCBuildConfiguration;
			buildSettings = {
				ALWAYS_SEARCH_USER_PATHS = NO;
				ASSETCATALOG_COMPILER_GENERATE_SWIFT_ASSET_SYMBOL_EXTENSIONS = YES;
				CLANG_ANALYZER_NONNULL = YES;
				CLANG_ANALYZER_NUMBER_OBJECT_CONVERSION = YES_AGGRESSIVE;
				CLANG_CXX_LANGUAGE_STANDARD = "gnu++14";
				CLANG_CXX_LIBRARY = "libc++";
				CLANG_ENABLE_MODULES = YES;
				CLANG_ENABLE_OBJC_ARC = YES;
				CLANG_ENABLE_OBJC_WEAK = YES;
				CLANG_WARN_BLOCK_CAPTURE_AUTORELEASING = YES;
				CLANG_WARN_BOOL_CONVERSION = YES;
				CLANG_WARN_COMMA = YES;
				CLANG_WARN_CONSTANT_CONVERSION = YES;
				CLANG_WARN_DEPRECATED_OBJC_IMPLEMENTATIONS = YES;
				CLANG_WARN_DIRECT_OBJC_ISA_USAGE = YES_ERROR;
				CLANG_WARN_DOCUMENTATION_COMMENTS = YES;
				CLANG_WARN_EMPTY_BODY = YES;
				CLANG_WARN_ENUM_CONVERSION = YES;
				CLANG_WARN_INFINITE_RECURSION = YES;
				CLANG_WARN_INT_CONVERSION = YES;
				CLANG_WARN_NON_LITERAL_NULL_CONVERSION = YES;
				CLANG_WARN_OBJC_IMPLICIT_RETAIN_SELF = YES;
				CLANG_WARN_OBJC_LITERAL_CONVERSION = YES;
				CLANG_WARN_OBJC_ROOT_CLASS = YES_ERROR;
				CLANG_WARN_QUOTED_INCLUDE_IN_FRAMEWORK_HEADER = YES;
				CLANG_WARN_RANGE_LOOP_ANALYSIS = YES;
				CLANG_WARN_STRICT_PROTOTYPES = YES;
				CLANG_WARN_SUSPICIOUS_MOVE = YES;
				CLANG_WARN_UNGUARDED_AVAILABILITY = YES_AGGRESSIVE;
				CLANG_WARN_UNREACHABLE_CODE = YES;
				CLANG_WARN__DUPLICATE_METHOD_MATCH = YES;
				CODE_SIGN_STYLE = Automatic;
				COPY_PHASE_STRIP = NO;
				CURRENT_PROJECT_VERSION = 1;
				DEBUG_INFORMATION_FORMAT = dwarf;
				DEVELOPMENT_TEAM = "";
				ENABLE_STRICT_OBJC_MSGSEND = YES;
				ENABLE_TESTABILITY = YES;
				GCC_C_LANGUAGE_STANDARD = gnu11;
				GCC_DYNAMIC_NO_PIC = NO;
				GCC_NO_COMMON_BLOCKS = YES;
				GCC_OPTIMIZATION_LEVEL = 0;
				GCC_PREPROCESSOR_DEFINITIONS = (
					"$(inherited)",
					"DEBUG=1",
				);
				GCC_WARN_64_TO_32_BIT_CONVERSION = YES;
				GCC_WARN_ABOUT_RETURN_TYPE = YES_ERROR;
				GCC_WARN_UNDECLARED_SELECTOR = YES;
				GCC_WARN_UNINITIALIZED_AUTOS = YES_AGGRESSIVE;
				GCC_WARN_UNUSED_FUNCTION = YES;
				GCC_WARN_UNUSED_VARIABLE = YES;
				IPHONEOS_DEPLOYMENT_TARGET = 17.0;
				MARKETING_VERSION = 1.0.0;
				MTL_ENABLE_DEBUG_INFO = INCLUDE_SOURCE;
				MTL_FAST_MATH = YES;
				ONLY_ACTIVE_ARCH = YES;
				PRODUCT_NAME = "$(TARGET_NAME)";
				SDKROOT = iphoneos;
				SWIFT_ACTIVE_COMPILATION_CONDITIONS = DEBUG;
				SWIFT_OPTIMIZATION_LEVEL = "-Onone";
				SWIFT_VERSION = 6.0;
			};
			name = Debug;
		};
		5A0069608FBFCD0A0DF4346A /* Release */ = {
			isa = XCBuildConfiguration;
			buildSettings = {
				ALWAYS_SEARCH_USER_PATHS = NO;
				ASSETCATALOG_COMPILER_GENERATE_SWIFT_ASSET_SYMBOL_EXTENSIONS = YES;
				CLANG_ANALYZER_NONNULL = YES;
				CLANG_ANALYZER_NUMBER_OBJECT_CONVERSION = YES_AGGRESSIVE;
				CLANG_CXX_LANGUAGE_STANDARD = "gnu++14";
				CLANG_CXX_LIBRARY = "libc++";
				CLANG_ENABLE_MODULES = YES;
				CLANG_ENABLE_OBJC_ARC = YES;
				CLANG_ENABLE_OBJC_WEAK = YES;
				CLANG_WARN_BLOCK_CAPTURE_AUTORELEASING = YES;
				CLANG_WARN_BOOL_CONVERSION = YES;
				CLANG_WARN_COMMA = YES;
				CLANG_WARN_CONSTANT_CONVERSION = YES;
				CLANG_WARN_DEPRECATED_OBJC_IMPLEMENTATIONS = YES;
				CLANG_WARN_DIRECT_OBJC_ISA_USAGE = YES_ERROR;
				CLANG_WARN_DOCUMENTATION_COMMENTS = YES;
				CLANG_WARN_EMPTY_BODY = YES;
				CLANG_WARN_ENUM_CONVERSION = YES;
				CLANG_WARN_INFINITE_RECURSION = YES;
				CLANG_WARN_INT_CONVERSION = YES;
				CLANG_WARN_NON_LITERAL_NULL_CONVERSION = YES;
				CLANG_WARN_OBJC_IMPLICIT_RETAIN_SELF = YES;
				CLANG_WARN_OBJC_LITERAL_CONVERSION = YES;
				CLANG_WARN_OBJC_ROOT_CLASS = YES_ERROR;
				CLANG_WARN_QUOTED_INCLUDE_IN_FRAMEWORK_HEADER = YES;
				CLANG_WARN_RANGE_LOOP_ANALYSIS = YES;
				CLANG_WARN_STRICT_PROTOTYPES = YES;
				CLANG_WARN_SUSPICIOUS_MOVE = YES;
				CLANG_WARN_UNGUARDED_AVAILABILITY = YES_AGGRESSIVE;
				CLANG_WARN_UNREACHABLE_CODE = YES;
				CLANG_WARN__DUPLICATE_METHOD_MATCH = YES;
				CODE_SIGN_STYLE = Automatic;
				COPY_PHASE_STRIP = NO;
				CURRENT_PROJECT_VERSION = 1;
				DEBUG_INFORMATION_FORMAT = "dwarf-with-dsym";
				DEVELOPMENT_TEAM = "";
				ENABLE_NS_ASSERTIONS = NO;
				ENABLE_STRICT_OBJC_MSGSEND = YES;
				GCC_C_LANGUAGE_STANDARD = gnu11;
				GCC_NO_COMMON_BLOCKS = YES;
				GCC_WARN_64_TO_32_BIT_CONVERSION = YES;
				GCC_WARN_ABOUT_RETURN_TYPE = YES_ERROR;
				GCC_WARN_UNDECLARED_SELECTOR = YES;
				GCC_WARN_UNINITIALIZED_AUTOS = YES_AGGRESSIVE;
				GCC_WARN_UNUSED_FUNCTION = YES;
				GCC_WARN_UNUSED_VARIABLE = YES;
				IPHONEOS_DEPLOYMENT_TARGET = 17.0;
				MARKETING_VERSION = 1.0.0;
				MTL_ENABLE_DEBUG_INFO = NO;
				MTL_FAST_MATH = YES;
				PRODUCT_NAME = "$(TARGET_NAME)";
				SDKROOT = iphoneos;
				SWIFT_COMPILATION_MODE = wholemodule;
				SWIFT_OPTIMIZATION_LEVEL = "-O";
				SWIFT_VERSION = 6.0;
			};
			name = Release;
		};
		743887E2B9721070300036B7 /* Release */ = {
			isa = XCBuildConfiguration;
			buildSettings = {
				APPLICATION_EXTENSION_API_ONLY = YES;
				CODE_SIGN_ENTITLEMENTS = Config/DataViewWidgets.entitlements;
				INFOPLIST_FILE = "Config/DataViewWidgets-Info.plist";
				LD_RUNPATH_SEARCH_PATHS = (
					"$(inherited)",
					"@executable_path/Frameworks",
					"@executable_path/../../Frameworks",
				);
				PRODUCT_BUNDLE_IDENTIFIER = com.edward.DataView.widgets;
				SDKROOT = iphoneos;
				SKIP_INSTALL = YES;
				SWIFT_ACTIVE_COMPILATION_CONDITIONS = "$(inherited) WIDGET_EXTENSION";
				TARGETED_DEVICE_FAMILY = "1,2";
			};
			name = Release;
		};
		7CC462900561A9EA9281F9EE /* Debug */ = {
			isa = XCBuildConfiguration;
			buildSettings = {
				BUNDLE_LOADER = "$(TEST_HOST)";
				GENERATE_INFOPLIST_FILE = YES;
				LD_RUNPATH_SEARCH_PATHS = (
					"$(inherited)",
					"@executable_path/Frameworks",
					"@loader_path/Frameworks",
				);
				PRODUCT_BUNDLE_IDENTIFIER = com.edward.DataViewWidgetUITests;
				SDKROOT = iphoneos;
				TARGETED_DEVICE_FAMILY = "1,2";
				TEST_TARGET_NAME = DataView;
			};
			name = Debug;
		};
		991450E6A520609CC0FDF13C /* Release */ = {
			isa = XCBuildConfiguration;
			buildSettings = {
				BUNDLE_LOADER = "$(TEST_HOST)";
				GENERATE_INFOPLIST_FILE = YES;
				LD_RUNPATH_SEARCH_PATHS = (
					"$(inherited)",
					"@executable_path/Frameworks",
					"@loader_path/Frameworks",
				);
				PRODUCT_BUNDLE_IDENTIFIER = com.edward.DataViewWidgetUITests;
				SDKROOT = iphoneos;
				TARGETED_DEVICE_FAMILY = "1,2";
				TEST_TARGET_NAME = DataView;
			};
			name = Release;
		};
		D0EB087FBD148D2BF34F2DF6 /* Debug */ = {
			isa = XCBuildConfiguration;
			buildSettings = {
				APPLICATION_EXTENSION_API_ONLY = YES;
				CODE_SIGN_ENTITLEMENTS = Config/DataViewWidgets.entitlements;
				INFOPLIST_FILE = "Config/DataViewWidgets-Info.plist";
				LD_RUNPATH_SEARCH_PATHS = (
					"$(inherited)",
					"@executable_path/Frameworks",
					"@executable_path/../../Frameworks",
				);
				PRODUCT_BUNDLE_IDENTIFIER = com.edward.DataView.widgets;
				SDKROOT = iphoneos;
				SKIP_INSTALL = YES;
				SWIFT_ACTIVE_COMPILATION_CONDITIONS = "$(inherited) WIDGET_EXTENSION";
				TARGETED_DEVICE_FAMILY = "1,2";
			};
			name = Debug;
		};
		DAD3F7595BCF8AE67D05E13B /* Debug */ = {
			isa = XCBuildConfiguration;
			buildSettings = {
				BUNDLE_LOADER = "$(TEST_HOST)";
				GENERATE_INFOPLIST_FILE = YES;
				LD_RUNPATH_SEARCH_PATHS = (
					"$(inherited)",
					"@executable_path/Frameworks",
					"@loader_path/Frameworks",
				);
				PRODUCT_BUNDLE_IDENTIFIER = com.edward.DataViewTests;
				SDKROOT = iphoneos;
				TARGETED_DEVICE_FAMILY = "1,2";
				TEST_HOST = "$(BUILT_PRODUCTS_DIR)/DataView.app/DataView";
			};
			name = Debug;
		};
/* End XCBuildConfiguration section */

/* Begin XCConfigurationList section */
		63BB936CA4246D08EA73CC95 /* Build configuration list for PBXNativeTarget "DataViewWidgetUITests" */ = {
			isa = XCConfigurationList;
			buildConfigurations = (
				7CC462900561A9EA9281F9EE /* Debug */,
				991450E6A520609CC0FDF13C /* Release */,
			);
			defaultConfigurationIsVisible = 0;
			defaultConfigurationName = Debug;
		};
		6664DC5DAEC6FB690601A82D /* Build configuration list for PBXProject "DataView" */ = {
			isa = XCConfigurationList;
			buildConfigurations = (
				53772A2212A0BE7CFFBFE227 /* Debug */,
				5A0069608FBFCD0A0DF4346A /* Release */,
			);
			defaultConfigurationIsVisible = 0;
			defaultConfigurationName = Debug;
		};
		8175F8BB07CEF8AA817331BD /* Build configuration list for PBXNativeTarget "DataViewWidgets" */ = {
			isa = XCConfigurationList;
			buildConfigurations = (
				D0EB087FBD148D2BF34F2DF6 /* Debug */,
				743887E2B9721070300036B7 /* Release */,
			);
			defaultConfigurationIsVisible = 0;
			defaultConfigurationName = Debug;
		};
		DDA98765B44E696DFF07C44E /* Build configuration list for PBXNativeTarget "DataView" */ = {
			isa = XCConfigurationList;
			buildConfigurations = (
				311782E8BBD18B88970885F6 /* Debug */,
				3EACA7613E41E1703B57B4F3 /* Release */,
			);
			defaultConfigurationIsVisible = 0;
			defaultConfigurationName = Debug;
		};
		FB0B988A7B2AAE17AE2D8D21 /* Build configuration list for PBXNativeTarget "DataViewTests" */ = {
			isa = XCConfigurationList;
			buildConfigurations = (
				DAD3F7595BCF8AE67D05E13B /* Debug */,
				2097FE42FFDC44F450411FB5 /* Release */,
			);
			defaultConfigurationIsVisible = 0;
			defaultConfigurationName = Debug;
		};
/* End XCConfigurationList section */
	};
	rootObject = 31197E3FDE79CA0343C3A08E /* Project object */;
}
